
Microsoft Visual Studio Solution File, Format Version 12.00
# Visual Studio Version 16
VisualStudioVersion = 16.0.31005.135
MinimumVisualStudioVersion = 10.0.40219.1
Project("{FAE04EC0-301F-11D3-BF4B-00C04F79EFBC}") = "ERPWebApp", "ERPWebApp\ERPWebApp.csproj", "{08417E1E-55F8-42AD-AE07-9406BEF80F25}"
EndProject
Global
	GlobalSection(SolutionConfigurationPlatforms) = preSolution
		Debug|Any CPU = Debug|Any CPU
		Release|Any CPU = Release|Any CPU
	EndGlobalSection
	GlobalSection(ProjectConfigurationPlatforms) = postSolution
		{08417E1E-55F8-42AD-AE07-9406BEF80F25}.Debug|Any CPU.ActiveCfg = Debug|Any CPU
		{08417E1E-55F8-42AD-AE07-9406BEF80F25}.Debug|Any CPU.Build.0 = Debug|Any CPU
		{08417E1E-55F8-42AD-AE07-9406BEF80F25}.Release|Any CPU.ActiveCfg = Release|Any CPU
		{08417E1E-55F8-42AD-AE07-9406BEF80F25}.Release|Any CPU.Build.0 = Release|Any CPU
	EndGlobalSection
	GlobalSection(SolutionProperties) = preSolution
		HideSolutionNode = FALSE
	EndGlobalSection
	GlobalSection(ExtensibilityGlobals) = postSolution
		SolutionGuid = {CCF6A3FD-DE1B-46E8-A84D-15D40B9B5B98}
	EndGlobalSection
EndGlobal
